
Microsoft Visual Studio Solution File, Format Version 12.00
# Visual Studio Version 17
VisualStudioVersion = 17.10.35004.147
MinimumVisualStudioVersion = 10.0.40219.1
Project("{8BC9CEB8-8B4A-11D0-8D11-00A0C91BC942}") = "DataStructuresAssignment2", "DataStructuresAssignment2\DataStructuresAssignment2.vcxproj", "{B9E59CBB-293C-4844-ABA7-0DC8528895AB}"
EndProject
Global
	GlobalSection(SolutionConfigurationPlatforms) = preSolution
		Debug|x64 = Debug|x64
		Debug|x86 = Debug|x86
		Release|x64 = Release|x64
		Release|x86 = Release|x86
	EndGlobalSection
	GlobalSection(ProjectConfigurationPlatforms) = postSolution
		{B9E59CBB-293C-4844-ABA7-0DC8528895AB}.Debug|x64.ActiveCfg = Debug|x64
		{B9E59CBB-293C-4844-ABA7-0DC8528895AB}.Debug|x64.Build.0 = Debug|x64
		{B9E59CBB-293C-4844-ABA7-0DC8528895AB}.Debug|x86.ActiveCfg = Debug|Win32
		{B9E59CBB-293C-4844-ABA7-0DC8528895AB}.Debug|x86.Build.0 = Debug|Win32
		{B9E59CBB-293C-4844-ABA7-0DC8528895AB}.Release|x64.ActiveCfg = Release|x64
		{B9E59CBB-293C-4844-ABA7-0DC8528895AB}.Release|x64.Build.0 = Release|x64
		{B9E59CBB-293C-4844-ABA7-0DC8528895AB}.Release|x86.ActiveCfg = Release|Win32
		{B9E59CBB-293C-4844-ABA7-0DC8528895AB}.Release|x86.Build.0 = Release|Win32
	EndGlobalSection
	GlobalSection(SolutionProperties) = preSolution
		HideSolutionNode = FALSE
	EndGlobalSection
	GlobalSection(ExtensibilityGlobals) = postSolution
		SolutionGuid = {FC668A0A-281E-4BAF-A979-4D13A0EE432E}
	EndGlobalSection
EndGlobal
